
Microsoft Visual Studio Solution File, Format Version 12.00
# Visual Studio 14
VisualStudioVersion = 14.0.25420.1
MinimumVisualStudioVersion = 10.0.40219.1
Project("{FAE04EC0-301F-11D3-BF4B-00C04F79EFBC}") = "Parcial4_2524572019", "Parcial4_2524572019\Parcial4_2524572019.csproj", "{A1A9F7B2-234A-4629-81D2-EED4E102B189}"
EndProject
Project("{FAE04EC0-301F-11D3-BF4B-00C04F79EFBC}") = "Lambda", "Lambda\Lambda.csproj", "{6DAD95CA-2DA8-46C6-89BC-DAB70CAB71C5}"
EndProject
Global
	GlobalSection(SolutionConfigurationPlatforms) = preSolution
		Debug|Any CPU = Debug|Any CPU
		Release|Any CPU = Release|Any CPU
	EndGlobalSection
	GlobalSection(ProjectConfigurationPlatforms) = postSolution
		{A1A9F7B2-234A-4629-81D2-EED4E102B189}.Debug|Any CPU.ActiveCfg = Debug|Any CPU
		{A1A9F7B2-234A-4629-81D2-EED4E102B189}.Debug|Any CPU.Build.0 = Debug|Any CPU
		{A1A9F7B2-234A-4629-81D2-EED4E102B189}.Release|Any CPU.ActiveCfg = Release|Any CPU
		{A1A9F7B2-234A-4629-81D2-EED4E102B189}.Release|Any CPU.Build.0 = Release|Any CPU
		{6DAD95CA-2DA8-46C6-89BC-DAB70CAB71C5}.Debug|Any CPU.ActiveCfg = Debug|Any CPU
		{6DAD95CA-2DA8-46C6-89BC-DAB70CAB71C5}.Debug|Any CPU.Build.0 = Debug|Any CPU
		{6DAD95CA-2DA8-46C6-89BC-DAB70CAB71C5}.Release|Any CPU.ActiveCfg = Release|Any CPU
		{6DAD95CA-2DA8-46C6-89BC-DAB70CAB71C5}.Release|Any CPU.Build.0 = Release|Any CPU
	EndGlobalSection
	GlobalSection(SolutionProperties) = preSolution
		HideSolutionNode = FALSE
	EndGlobalSection
EndGlobal
